
Microsoft Visual Studio Solution File, Format Version 12.00
# Visual Studio Version 17
VisualStudioVersion = 17.0.31903.59
MinimumVisualStudioVersion = 10.0.40219.1
Project("{2150E333-8FDC-42A3-9474-1A3956D46DE8}") = "src", "src", "{827E0CD3-B72D-47B6-A68D-7590B98EB39B}"
EndProject
Project("{FAE04EC0-301F-11D3-BF4B-00C04F79EFBC}") = "ModularMonolith.Api", "src\ModularMonolith.Api\ModularMonolith.Api.csproj", "{A1D3AAEE-BB7E-4C30-8CB6-24D7551B2B29}"
EndProject
Project("{2150E333-8FDC-42A3-9474-1A3956D46DE8}") = "Shared", "Shared", "{C8E42992-5E42-0C2B-DBFE-AA848D06431C}"
EndProject
Project("{FAE04EC0-301F-11D3-BF4B-00C04F79EFBC}") = "SharedKernel", "src\Shared\SharedKernel\SharedKernel.csproj", "{98FD2918-D62F-45DF-AEEC-90F6CB893F85}"
EndProject
Project("{2150E333-8FDC-42A3-9474-1A3956D46DE8}") = "Modules", "Modules", "{EC447DCF-ABFA-6E24-52A5-D7FD48A5C558}"
EndProject
Project("{2150E333-8FDC-42A3-9474-1A3956D46DE8}") = "Music", "Music", "{A927446D-5791-A111-CDFD-A0D3CDC4AF99}"
EndProject
Project("{FAE04EC0-301F-11D3-BF4B-00C04F79EFBC}") = "Music.Module", "src\Modules\Music\Music.Module\Music.Module.csproj", "{53F34290-03E9-4A90-9DE0-CF1D462815B7}"
EndProject
Project("{2150E333-8FDC-42A3-9474-1A3956D46DE8}") = "Orders", "Orders", "{CFD98C11-0354-2BE4-4011-BD6AEF12219D}"
EndProject
Project("{FAE04EC0-301F-11D3-BF4B-00C04F79EFBC}") = "Orders.Module", "src\Modules\Orders\Orders.Module\Orders.Module.csproj", "{9D405EAE-63B9-466D-8059-6CC6DB3095A0}"
EndProject
Project("{2150E333-8FDC-42A3-9474-1A3956D46DE8}") = "Administration", "Administration", "{CBFC7D09-D20A-3BD9-57E9-57A87E6AFCC2}"
EndProject
Project("{FAE04EC0-301F-11D3-BF4B-00C04F79EFBC}") = "Admin.Module", "src\Modules\Administration\Admin.Module\Admin.Module.csproj", "{AAA4E803-D9C3-4838-88FF-DDE1952C30AF}"
EndProject
Project("{2150E333-8FDC-42A3-9474-1A3956D46DE8}") = "Reporting", "Reporting", "{738763F7-68AC-12DE-A386-1ED9BDE12CF2}"
EndProject
Project("{FAE04EC0-301F-11D3-BF4B-00C04F79EFBC}") = "Reporting.Module", "src\Modules\Reporting\Reporting.Module\Reporting.Module.csproj", "{657D1DDD-F248-48D7-A15B-D52534C96F2B}"
EndProject
Project("{2150E333-8FDC-42A3-9474-1A3956D46DE8}") = "Identity", "Identity", "{0EC62A1A-9858-3A60-8A0C-FC9AACFA2EC7}"
EndProject
Project("{FAE04EC0-301F-11D3-BF4B-00C04F79EFBC}") = "Identity.Module", "src\Modules\Identity\Identity.Module\Identity.Module.csproj", "{AC54AFFF-7A12-4F4D-A318-B3A07C519D7D}"
EndProject
Project("{2150E333-8FDC-42A3-9474-1A3956D46DE8}") = "tests", "tests", "{0AB3BF05-4346-4AA6-1389-037BE0695223}"
EndProject
Project("{FAE04EC0-301F-11D3-BF4B-00C04F79EFBC}") = "ModularMonolith.Api.Tests", "tests\ModularMonolith.Api.Tests\ModularMonolith.Api.Tests.csproj", "{8612CCD4-469F-4160-986A-EC943613AE2F}"
EndProject
Project("{FAE04EC0-301F-11D3-BF4B-00C04F79EFBC}") = "SharedKernel.Persistence", "src\Shared\SharedKernel.Persistence\SharedKernel.Persistence.csproj", "{7D5BE834-946A-4317-BB73-E5C722646B8C}"
EndProject
Project("{2150E333-8FDC-42A3-9474-1A3956D46DE8}") = "docs", "docs", "{F8C887DB-8A89-43B4-B7F6-2973FE96C62F}"
	ProjectSection(SolutionItems) = preProject
		docs\EFCore-Plan.md = docs\EFCore-Plan.md
		README.md = README.md
		docs\authn-authz-plan.md = docs\authn-authz-plan.md
		docs\caching-strategy.md = docs\caching-strategy.md
		docs\secure-headers-plan.md = docs\secure-headers-plan.md
		docs\https-enforcement-plan.md = docs\https-enforcement-plan.md
		docs\rate-limiting-plan.md = docs\rate-limiting-plan.md
		docs\owasp-top-threats-and-mitigations.md = docs\owasp-top-threats-and-mitigations.md
		docs\Walkthrough.md = docs\Walkthrough.md
	EndProjectSection
EndProject
Project("{2150E333-8FDC-42A3-9474-1A3956D46DE8}") = "data", "data", "{C82539F3-3484-4BB1-80DA-906793C55F4C}"
	ProjectSection(SolutionItems) = preProject
		data\chinook.db = data\chinook.db
	EndProjectSection
EndProject
Project("{FAE04EC0-301F-11D3-BF4B-00C04F79EFBC}") = "SharedKernel.DataSQLite", "src\Shared\SharedKernel.DataSQLite\SharedKernel.DataSQLite.csproj", "{0F1D59D1-ADDA-4166-9331-5DE936CDE9F3}"
EndProject
Project("{2150E333-8FDC-42A3-9474-1A3956D46DE8}") = "workshop", "workshop", "{2CEF717D-DC67-452B-BED1-FFA59F0A7256}"
	ProjectSection(SolutionItems) = preProject
		workshop\QUICK-REFERENCE.md = workshop\QUICK-REFERENCE.md
		workshop\STARTER-SOLUTION-GUIDE.md = workshop\STARTER-SOLUTION-GUIDE.md
		workshop\WORKSHOP-CURRICULUM.md = workshop\WORKSHOP-CURRICULUM.md
		workshop\WORKSHOP-EMAIL-ANNOUNCEMENT.md = workshop\WORKSHOP-EMAIL-ANNOUNCEMENT.md
		workshop\WORKSHOP-FLYER.md = workshop\WORKSHOP-FLYER.md
		workshop\WORKSHOP-LANDING-PAGE.md = workshop\WORKSHOP-LANDING-PAGE.md
		workshop\BUSINESS-DEVELOPMENT.md = workshop\BUSINESS-DEVELOPMENT.md
		workshop\PARTNERSHIP-PROPOSAL.md = workshop\PARTNERSHIP-PROPOSAL.md
		workshop\COMBINED-WORKSHOP-WEBINAR-PLAN.md = workshop\COMBINED-WORKSHOP-WEBINAR-PLAN.md
		workshop\ONLINE-COURSE-OUTLINE.md = workshop\ONLINE-COURSE-OUTLINE.md
		workshop\ONLINE-COURSE-OUTLINE-EXPANDED.md = workshop\ONLINE-COURSE-OUTLINE-EXPANDED.md
	EndProjectSection
EndProject
Project("{2150E333-8FDC-42A3-9474-1A3956D46DE8}") = "partnership", "partnership", "{E5BAFF16-3E19-4BB9-A715-BABA30E3FBFE}"
	ProjectSection(SolutionItems) = preProject
		workshop\partnerships\CORPORATE-TRAINING-TOOLKIT.md = workshop\partnerships\CORPORATE-TRAINING-TOOLKIT.md
		workshop\partnerships\CONSULTING-FIRMS-TOOLKIT.md = workshop\partnerships\CONSULTING-FIRMS-TOOLKIT.md
		workshop\partnerships\RECRUITING-FIRMS-TOOLKIT.md = workshop\partnerships\RECRUITING-FIRMS-TOOLKIT.md
	EndProjectSection
EndProject
Project("{2150E333-8FDC-42A3-9474-1A3956D46DE8}") = "advanced-topics", "advanced-topics", "{80E19211-D5FE-4C09-A7D0-93F6DFE9A7A2}"
	ProjectSection(SolutionItems) = preProject
		workshop\advanced-topics\README.md = workshop\advanced-topics\README.md
		workshop\advanced-topics\14-OUTBOX-PATTERN.md = workshop\advanced-topics\14-OUTBOX-PATTERN.md
		workshop\advanced-topics\13-GRPC.md = workshop\advanced-topics\13-GRPC.md
		workshop\advanced-topics\12-SIGNALR.md = workshop\advanced-topics\12-SIGNALR.md
		workshop\advanced-topics\11-CQRS-MEDIATR.md = workshop\advanced-topics\11-CQRS-MEDIATR.md
		workshop\advanced-topics\10-COMPRESSION.md = workshop\advanced-topics\10-COMPRESSION.md
		workshop\advanced-topics\09-FEATURE-FLAGS.md = workshop\advanced-topics\09-FEATURE-FLAGS.md
		workshop\advanced-topics\08-OPENTELEMETRY.md = workshop\advanced-topics\08-OPENTELEMETRY.md
		workshop\advanced-topics\07-BACKGROUND-SERVICES.md = workshop\advanced-topics\07-BACKGROUND-SERVICES.md
		workshop\advanced-topics\06-API-VERSIONING.md = workshop\advanced-topics\06-API-VERSIONING.md
		workshop\advanced-topics\05-STRUCTURED-LOGGING.md = workshop\advanced-topics\05-STRUCTURED-LOGGING.md
		workshop\advanced-topics\04-HEALTH-CHECKS.md = workshop\advanced-topics\04-HEALTH-CHECKS.md
		workshop\advanced-topics\03-OUTPUT-CACHING.md = workshop\advanced-topics\03-OUTPUT-CACHING.md
		workshop\advanced-topics\02-TYPED-RESULTS.md = workshop\advanced-topics\02-TYPED-RESULTS.md
		workshop\advanced-topics\01-ENDPOINT-FILTERS.md = workshop\advanced-topics\01-ENDPOINT-FILTERS.md
	EndProjectSection
EndProject
Project("{2150E333-8FDC-42A3-9474-1A3956D46DE8}") = "sessions", "sessions", "{D5639FAE-E1E5-4244-A1F3-2827E814C9B6}"
	ProjectSection(SolutionItems) = preProject
		workshop\sessions\README.md = workshop\sessions\README.md
		workshop\sessions\09-TESTING-WRAP-UP.md = workshop\sessions\09-TESTING-WRAP-UP.md
		workshop\sessions\08-RATE-LIMITING-SECURITY.md = workshop\sessions\08-RATE-LIMITING-SECURITY.md
		workshop\sessions\07-FLUENT-VALIDATION.md = workshop\sessions\07-FLUENT-VALIDATION.md
		workshop\sessions\06-SERVICE-LAYER-CACHING.md = workshop\sessions\06-SERVICE-LAYER-CACHING.md
		workshop\sessions\05-REPOSITORY-PATTERN-DATA-ACCESS.md = workshop\sessions\05-REPOSITORY-PATTERN-DATA-ACCESS.md
		workshop\sessions\04-AUTHENTICATION-AUTHORIZATION.md = workshop\sessions\04-AUTHENTICATION-AUTHORIZATION.md
		workshop\sessions\03-BUILDING-YOUR-FIRST-MODULE.md = workshop\sessions\03-BUILDING-YOUR-FIRST-MODULE.md
		workshop\sessions\02-ARCHITECTURE-MODULE-CONTRACT.md = workshop\sessions\02-ARCHITECTURE-MODULE-CONTRACT.md
		workshop\sessions\01-WELCOME-ENVIRONMENT-SETUP.md = workshop\sessions\01-WELCOME-ENVIRONMENT-SETUP.md
	EndProjectSection
EndProject
Project("{FAE04EC0-301F-11D3-BF4B-00C04F79EFBC}") = "ModularMonolith.Architecture.Tests", "tests\ModularMonolith.Architecture.Tests\ModularMonolith.Architecture.Tests.csproj", "{E6020B24-DE8A-49F8-8BD9-1DA63E7B3F33}"
EndProject
Project("{FAE04EC0-301F-11D3-BF4B-00C04F79EFBC}") = "ModularMonolith.Services.Tests", "tests\ModularMonolith.Services.Tests\ModularMonolith.Services.Tests.csproj", "{18E3D860-351D-42DD-8CDB-87D573D36884}"
EndProject
Global
	GlobalSection(SolutionConfigurationPlatforms) = preSolution
		Debug|Any CPU = Debug|Any CPU
		Debug|x64 = Debug|x64
		Debug|x86 = Debug|x86
		Release|Any CPU = Release|Any CPU
		Release|x64 = Release|x64
		Release|x86 = Release|x86
	EndGlobalSection
	GlobalSection(ProjectConfigurationPlatforms) = postSolution
		{A1D3AAEE-BB7E-4C30-8CB6-24D7551B2B29}.Debug|Any CPU.ActiveCfg = Debug|Any CPU
		{A1D3AAEE-BB7E-4C30-8CB6-24D7551B2B29}.Debug|Any CPU.Build.0 = Debug|Any CPU
		{A1D3AAEE-BB7E-4C30-8CB6-24D7551B2B29}.Debug|x64.ActiveCfg = Debug|Any CPU
		{A1D3AAEE-BB7E-4C30-8CB6-24D7551B2B29}.Debug|x64.Build.0 = Debug|Any CPU
		{A1D3AAEE-BB7E-4C30-8CB6-24D7551B2B29}.Debug|x86.ActiveCfg = Debug|Any CPU
		{A1D3AAEE-BB7E-4C30-8CB6-24D7551B2B29}.Debug|x86.Build.0 = Debug|Any CPU
		{A1D3AAEE-BB7E-4C30-8CB6-24D7551B2B29}.Release|Any CPU.ActiveCfg = Release|Any CPU
		{A1D3AAEE-BB7E-4C30-8CB6-24D7551B2B29}.Release|Any CPU.Build.0 = Release|Any CPU
		{A1D3AAEE-BB7E-4C30-8CB6-24D7551B2B29}.Release|x64.ActiveCfg = Release|Any CPU
		{A1D3AAEE-BB7E-4C30-8CB6-24D7551B2B29}.Release|x64.Build.0 = Release|Any CPU
		{A1D3AAEE-BB7E-4C30-8CB6-24D7551B2B29}.Release|x86.ActiveCfg = Release|Any CPU
		{A1D3AAEE-BB7E-4C30-8CB6-24D7551B2B29}.Release|x86.Build.0 = Release|Any CPU
		{98FD2918-D62F-45DF-AEEC-90F6CB893F85}.Debug|Any CPU.ActiveCfg = Debug|Any CPU
		{98FD2918-D62F-45DF-AEEC-90F6CB893F85}.Debug|Any CPU.Build.0 = Debug|Any CPU
		{98FD2918-D62F-45DF-AEEC-90F6CB893F85}.Debug|x64.ActiveCfg = Debug|Any CPU
		{98FD2918-D62F-45DF-AEEC-90F6CB893F85}.Debug|x64.Build.0 = Debug|Any CPU
		{98FD2918-D62F-45DF-AEEC-90F6CB893F85}.Debug|x86.ActiveCfg = Debug|Any CPU
		{98FD2918-D62F-45DF-AEEC-90F6CB893F85}.Debug|x86.Build.0 = Debug|Any CPU
		{98FD2918-D62F-45DF-AEEC-90F6CB893F85}.Release|Any CPU.ActiveCfg = Release|Any CPU
		{98FD2918-D62F-45DF-AEEC-90F6CB893F85}.Release|Any CPU.Build.0 = Release|Any CPU
		{98FD2918-D62F-45DF-AEEC-90F6CB893F85}.Release|x64.ActiveCfg = Release|Any CPU
		{98FD2918-D62F-45DF-AEEC-90F6CB893F85}.Release|x64.Build.0 = Release|Any CPU
		{98FD2918-D62F-45DF-AEEC-90F6CB893F85}.Release|x86.ActiveCfg = Release|Any CPU
		{98FD2918-D62F-45DF-AEEC-90F6CB893F85}.Release|x86.Build.0 = Release|Any CPU
		{53F34290-03E9-4A90-9DE0-CF1D462815B7}.Debug|Any CPU.ActiveCfg = Debug|Any CPU
		{53F34290-03E9-4A90-9DE0-CF1D462815B7}.Debug|Any CPU.Build.0 = Debug|Any CPU
		{53F34290-03E9-4A90-9DE0-CF1D462815B7}.Debug|x64.ActiveCfg = Debug|Any CPU
		{53F34290-03E9-4A90-9DE0-CF1D462815B7}.Debug|x64.Build.0 = Debug|Any CPU
		{53F34290-03E9-4A90-9DE0-CF1D462815B7}.Debug|x86.ActiveCfg = Debug|Any CPU
		{53F34290-03E9-4A90-9DE0-CF1D462815B7}.Debug|x86.Build.0 = Debug|Any CPU
		{53F34290-03E9-4A90-9DE0-CF1D462815B7}.Release|Any CPU.ActiveCfg = Release|Any CPU
		{53F34290-03E9-4A90-9DE0-CF1D462815B7}.Release|Any CPU.Build.0 = Release|Any CPU
		{53F34290-03E9-4A90-9DE0-CF1D462815B7}.Release|x64.ActiveCfg = Release|Any CPU
		{53F34290-03E9-4A90-9DE0-CF1D462815B7}.Release|x64.Build.0 = Release|Any CPU
		{53F34290-03E9-4A90-9DE0-CF1D462815B7}.Release|x86.ActiveCfg = Release|Any CPU
		{53F34290-03E9-4A90-9DE0-CF1D462815B7}.Release|x86.Build.0 = Release|Any CPU
		{9D405EAE-63B9-466D-8059-6CC6DB3095A0}.Debug|Any CPU.ActiveCfg = Debug|Any CPU
		{9D405EAE-63B9-466D-8059-6CC6DB3095A0}.Debug|Any CPU.Build.0 = Debug|Any CPU
		{9D405EAE-63B9-466D-8059-6CC6DB3095A0}.Debug|x64.ActiveCfg = Debug|Any CPU
		{9D405EAE-63B9-466D-8059-6CC6DB3095A0}.Debug|x64.Build.0 = Debug|Any CPU
		{9D405EAE-63B9-466D-8059-6CC6DB3095A0}.Debug|x86.ActiveCfg = Debug|Any CPU
		{9D405EAE-63B9-466D-8059-6CC6DB3095A0}.Debug|x86.Build.0 = Debug|Any CPU
		{9D405EAE-63B9-466D-8059-6CC6DB3095A0}.Release|Any CPU.ActiveCfg = Release|Any CPU
		{9D405EAE-63B9-466D-8059-6CC6DB3095A0}.Release|Any CPU.Build.0 = Release|Any CPU
		{9D405EAE-63B9-466D-8059-6CC6DB3095A0}.Release|x64.ActiveCfg = Release|Any CPU
		{9D405EAE-63B9-466D-8059-6CC6DB3095A0}.Release|x64.Build.0 = Release|Any CPU
		{9D405EAE-63B9-466D-8059-6CC6DB3095A0}.Release|x86.ActiveCfg = Release|Any CPU
		{9D405EAE-63B9-466D-8059-6CC6DB3095A0}.Release|x86.Build.0 = Release|Any CPU
		{AAA4E803-D9C3-4838-88FF-DDE1952C30AF}.Debug|Any CPU.ActiveCfg = Debug|Any CPU
		{AAA4E803-D9C3-4838-88FF-DDE1952C30AF}.Debug|Any CPU.Build.0 = Debug|Any CPU
		{AAA4E803-D9C3-4838-88FF-DDE1952C30AF}.Debug|x64.ActiveCfg = Debug|Any CPU
		{AAA4E803-D9C3-4838-88FF-DDE1952C30AF}.Debug|x64.Build.0 = Debug|Any CPU
		{AAA4E803-D9C3-4838-88FF-DDE1952C30AF}.Debug|x86.ActiveCfg = Debug|Any CPU
		{AAA4E803-D9C3-4838-88FF-DDE1952C30AF}.Debug|x86.Build.0 = Debug|Any CPU
		{AAA4E803-D9C3-4838-88FF-DDE1952C30AF}.Release|Any CPU.ActiveCfg = Release|Any CPU
		{AAA4E803-D9C3-4838-88FF-DDE1952C30AF}.Release|Any CPU.Build.0 = Release|Any CPU
		{AAA4E803-D9C3-4838-88FF-DDE1952C30AF}.Release|x64.ActiveCfg = Release|Any CPU
		{AAA4E803-D9C3-4838-88FF-DDE1952C30AF}.Release|x64.Build.0 = Release|Any CPU
		{AAA4E803-D9C3-4838-88FF-DDE1952C30AF}.Release|x86.ActiveCfg = Release|Any CPU
		{AAA4E803-D9C3-4838-88FF-DDE1952C30AF}.Release|x86.Build.0 = Release|Any CPU
		{657D1DDD-F248-48D7-A15B-D52534C96F2B}.Debug|Any CPU.ActiveCfg = Debug|Any CPU
		{657D1DDD-F248-48D7-A15B-D52534C96F2B}.Debug|Any CPU.Build.0 = Debug|Any CPU
		{657D1DDD-F248-48D7-A15B-D52534C96F2B}.Debug|x64.ActiveCfg = Debug|Any CPU
		{657D1DDD-F248-48D7-A15B-D52534C96F2B}.Debug|x64.Build.0 = Debug|Any CPU
		{657D1DDD-F248-48D7-A15B-D52534C96F2B}.Debug|x86.ActiveCfg = Debug|Any CPU
		{657D1DDD-F248-48D7-A15B-D52534C96F2B}.Debug|x86.Build.0 = Debug|Any CPU
		{657D1DDD-F248-48D7-A15B-D52534C96F2B}.Release|Any CPU.ActiveCfg = Release|Any CPU
		{657D1DDD-F248-48D7-A15B-D52534C96F2B}.Release|Any CPU.Build.0 = Release|Any CPU
		{657D1DDD-F248-48D7-A15B-D52534C96F2B}.Release|x64.ActiveCfg = Release|Any CPU
		{657D1DDD-F248-48D7-A15B-D52534C96F2B}.Release|x64.Build.0 = Release|Any CPU
		{657D1DDD-F248-48D7-A15B-D52534C96F2B}.Release|x86.ActiveCfg = Release|Any CPU
		{657D1DDD-F248-48D7-A15B-D52534C96F2B}.Release|x86.Build.0 = Release|Any CPU
		{AC54AFFF-7A12-4F4D-A318-B3A07C519D7D}.Debug|Any CPU.ActiveCfg = Debug|Any CPU
		{AC54AFFF-7A12-4F4D-A318-B3A07C519D7D}.Debug|Any CPU.Build.0 = Debug|Any CPU
		{AC54AFFF-7A12-4F4D-A318-B3A07C519D7D}.Debug|x64.ActiveCfg = Debug|Any CPU
		{AC54AFFF-7A12-4F4D-A318-B3A07C519D7D}.Debug|x64.Build.0 = Debug|Any CPU
		{AC54AFFF-7A12-4F4D-A318-B3A07C519D7D}.Debug|x86.ActiveCfg = Debug|Any CPU
		{AC54AFFF-7A12-4F4D-A318-B3A07C519D7D}.Debug|x86.Build.0 = Debug|Any CPU
		{AC54AFFF-7A12-4F4D-A318-B3A07C519D7D}.Release|Any CPU.ActiveCfg = Release|Any CPU
		{AC54AFFF-7A12-4F4D-A318-B3A07C519D7D}.Release|Any CPU.Build.0 = Release|Any CPU
		{AC54AFFF-7A12-4F4D-A318-B3A07C519D7D}.Release|x64.ActiveCfg = Release|Any CPU
		{AC54AFFF-7A12-4F4D-A318-B3A07C519D7D}.Release|x64.Build.0 = Release|Any CPU
		{AC54AFFF-7A12-4F4D-A318-B3A07C519D7D}.Release|x86.ActiveCfg = Release|Any CPU
		{AC54AFFF-7A12-4F4D-A318-B3A07C519D7D}.Release|x86.Build.0 = Release|Any CPU
		{8612CCD4-469F-4160-986A-EC943613AE2F}.Debug|Any CPU.ActiveCfg = Debug|Any CPU
		{8612CCD4-469F-4160-986A-EC943613AE2F}.Debug|Any CPU.Build.0 = Debug|Any CPU
		{8612CCD4-469F-4160-986A-EC943613AE2F}.Debug|x64.ActiveCfg = Debug|Any CPU
		{8612CCD4-469F-4160-986A-EC943613AE2F}.Debug|x64.Build.0 = Debug|Any CPU
		{8612CCD4-469F-4160-986A-EC943613AE2F}.Debug|x86.ActiveCfg = Debug|Any CPU
		{8612CCD4-469F-4160-986A-EC943613AE2F}.Debug|x86.Build.0 = Debug|Any CPU
		{8612CCD4-469F-4160-986A-EC943613AE2F}.Release|Any CPU.ActiveCfg = Release|Any CPU
		{8612CCD4-469F-4160-986A-EC943613AE2F}.Release|Any CPU.Build.0 = Release|Any CPU
		{8612CCD4-469F-4160-986A-EC943613AE2F}.Release|x64.ActiveCfg = Release|Any CPU
		{8612CCD4-469F-4160-986A-EC943613AE2F}.Release|x64.Build.0 = Release|Any CPU
		{8612CCD4-469F-4160-986A-EC943613AE2F}.Release|x86.ActiveCfg = Release|Any CPU
		{8612CCD4-469F-4160-986A-EC943613AE2F}.Release|x86.Build.0 = Release|Any CPU
		{7D5BE834-946A-4317-BB73-E5C722646B8C}.Debug|Any CPU.ActiveCfg = Debug|Any CPU
		{7D5BE834-946A-4317-BB73-E5C722646B8C}.Debug|Any CPU.Build.0 = Debug|Any CPU
		{7D5BE834-946A-4317-BB73-E5C722646B8C}.Debug|x64.ActiveCfg = Debug|Any CPU
		{7D5BE834-946A-4317-BB73-E5C722646B8C}.Debug|x64.Build.0 = Debug|Any CPU
		{7D5BE834-946A-4317-BB73-E5C722646B8C}.Debug|x86.ActiveCfg = Debug|Any CPU
		{7D5BE834-946A-4317-BB73-E5C722646B8C}.Debug|x86.Build.0 = Debug|Any CPU
		{7D5BE834-946A-4317-BB73-E5C722646B8C}.Release|Any CPU.ActiveCfg = Release|Any CPU
		{7D5BE834-946A-4317-BB73-E5C722646B8C}.Release|Any CPU.Build.0 = Release|Any CPU
		{7D5BE834-946A-4317-BB73-E5C722646B8C}.Release|x64.ActiveCfg = Release|Any CPU
		{7D5BE834-946A-4317-BB73-E5C722646B8C}.Release|x64.Build.0 = Release|Any CPU
		{7D5BE834-946A-4317-BB73-E5C722646B8C}.Release|x86.ActiveCfg = Release|Any CPU
		{7D5BE834-946A-4317-BB73-E5C722646B8C}.Release|x86.Build.0 = Release|Any CPU
		{0F1D59D1-ADDA-4166-9331-5DE936CDE9F3}.Debug|Any CPU.ActiveCfg = Debug|Any CPU
		{0F1D59D1-ADDA-4166-9331-5DE936CDE9F3}.Debug|Any CPU.Build.0 = Debug|Any CPU
		{0F1D59D1-ADDA-4166-9331-5DE936CDE9F3}.Debug|x64.ActiveCfg = Debug|Any CPU
		{0F1D59D1-ADDA-4166-9331-5DE936CDE9F3}.Debug|x64.Build.0 = Debug|Any CPU
		{0F1D59D1-ADDA-4166-9331-5DE936CDE9F3}.Debug|x86.ActiveCfg = Debug|Any CPU
		{0F1D59D1-ADDA-4166-9331-5DE936CDE9F3}.Debug|x86.Build.0 = Debug|Any CPU
		{0F1D59D1-ADDA-4166-9331-5DE936CDE9F3}.Release|Any CPU.ActiveCfg = Release|Any CPU
		{0F1D59D1-ADDA-4166-9331-5DE936CDE9F3}.Release|Any CPU.Build.0 = Release|Any CPU
		{0F1D59D1-ADDA-4166-9331-5DE936CDE9F3}.Release|x64.ActiveCfg = Release|Any CPU
		{0F1D59D1-ADDA-4166-9331-5DE936CDE9F3}.Release|x64.Build.0 = Release|Any CPU
		{0F1D59D1-ADDA-4166-9331-5DE936CDE9F3}.Release|x86.ActiveCfg = Release|Any CPU
		{0F1D59D1-ADDA-4166-9331-5DE936CDE9F3}.Release|x86.Build.0 = Release|Any CPU
		{E6020B24-DE8A-49F8-8BD9-1DA63E7B3F33}.Debug|Any CPU.ActiveCfg = Debug|Any CPU
		{E6020B24-DE8A-49F8-8BD9-1DA63E7B3F33}.Debug|Any CPU.Build.0 = Debug|Any CPU
		{E6020B24-DE8A-49F8-8BD9-1DA63E7B3F33}.Debug|x64.ActiveCfg = Debug|Any CPU
		{E6020B24-DE8A-49F8-8BD9-1DA63E7B3F33}.Debug|x64.Build.0 = Debug|Any CPU
		{E6020B24-DE8A-49F8-8BD9-1DA63E7B3F33}.Debug|x86.ActiveCfg = Debug|Any CPU
		{E6020B24-DE8A-49F8-8BD9-1DA63E7B3F33}.Debug|x86.Build.0 = Debug|Any CPU
		{E6020B24-DE8A-49F8-8BD9-1DA63E7B3F33}.Release|Any CPU.ActiveCfg = Release|Any CPU
		{E6020B24-DE8A-49F8-8BD9-1DA63E7B3F33}.Release|Any CPU.Build.0 = Release|Any CPU
		{E6020B24-DE8A-49F8-8BD9-1DA63E7B3F33}.Release|x64.ActiveCfg = Release|Any CPU
		{E6020B24-DE8A-49F8-8BD9-1DA63E7B3F33}.Release|x64.Build.0 = Release|Any CPU
		{E6020B24-DE8A-49F8-8BD9-1DA63E7B3F33}.Release|x86.ActiveCfg = Release|Any CPU
		{E6020B24-DE8A-49F8-8BD9-1DA63E7B3F33}.Release|x86.Build.0 = Release|Any CPU
		{18E3D860-351D-42DD-8CDB-87D573D36884}.Debug|Any CPU.ActiveCfg = Debug|Any CPU
		{18E3D860-351D-42DD-8CDB-87D573D36884}.Debug|Any CPU.Build.0 = Debug|Any CPU
		{18E3D860-351D-42DD-8CDB-87D573D36884}.Debug|x64.ActiveCfg = Debug|Any CPU
		{18E3D860-351D-42DD-8CDB-87D573D36884}.Debug|x64.Build.0 = Debug|Any CPU
		{18E3D860-351D-42DD-8CDB-87D573D36884}.Debug|x86.ActiveCfg = Debug|Any CPU
		{18E3D860-351D-42DD-8CDB-87D573D36884}.Debug|x86.Build.0 = Debug|Any CPU
		{18E3D860-351D-42DD-8CDB-87D573D36884}.Release|Any CPU.ActiveCfg = Release|Any CPU
		{18E3D860-351D-42DD-8CDB-87D573D36884}.Release|Any CPU.Build.0 = Release|Any CPU
		{18E3D860-351D-42DD-8CDB-87D573D36884}.Release|x64.ActiveCfg = Release|Any CPU
		{18E3D860-351D-42DD-8CDB-87D573D36884}.Release|x64.Build.0 = Release|Any CPU
		{18E3D860-351D-42DD-8CDB-87D573D36884}.Release|x86.ActiveCfg = Release|Any CPU
		{18E3D860-351D-42DD-8CDB-87D573D36884}.Release|x86.Build.0 = Release|Any CPU
	EndGlobalSection
	GlobalSection(SolutionProperties) = preSolution
		HideSolutionNode = FALSE
	EndGlobalSection
	GlobalSection(NestedProjects) = preSolution
		{A1D3AAEE-BB7E-4C30-8CB6-24D7551B2B29} = {827E0CD3-B72D-47B6-A68D-7590B98EB39B}
		{C8E42992-5E42-0C2B-DBFE-AA848D06431C} = {827E0CD3-B72D-47B6-A68D-7590B98EB39B}
		{98FD2918-D62F-45DF-AEEC-90F6CB893F85} = {C8E42992-5E42-0C2B-DBFE-AA848D06431C}
		{EC447DCF-ABFA-6E24-52A5-D7FD48A5C558} = {827E0CD3-B72D-47B6-A68D-7590B98EB39B}
		{A927446D-5791-A111-CDFD-A0D3CDC4AF99} = {EC447DCF-ABFA-6E24-52A5-D7FD48A5C558}
		{53F34290-03E9-4A90-9DE0-CF1D462815B7} = {A927446D-5791-A111-CDFD-A0D3CDC4AF99}
		{CFD98C11-0354-2BE4-4011-BD6AEF12219D} = {EC447DCF-ABFA-6E24-52A5-D7FD48A5C558}
		{9D405EAE-63B9-466D-8059-6CC6DB3095A0} = {CFD98C11-0354-2BE4-4011-BD6AEF12219D}
		{CBFC7D09-D20A-3BD9-57E9-57A87E6AFCC2} = {EC447DCF-ABFA-6E24-52A5-D7FD48A5C558}
		{AAA4E803-D9C3-4838-88FF-DDE1952C30AF} = {CBFC7D09-D20A-3BD9-57E9-57A87E6AFCC2}
		{738763F7-68AC-12DE-A386-1ED9BDE12CF2} = {EC447DCF-ABFA-6E24-52A5-D7FD48A5C558}
		{657D1DDD-F248-48D7-A15B-D52534C96F2B} = {738763F7-68AC-12DE-A386-1ED9BDE12CF2}
		{0EC62A1A-9858-3A60-8A0C-FC9AACFA2EC7} = {EC447DCF-ABFA-6E24-52A5-D7FD48A5C558}
		{AC54AFFF-7A12-4F4D-A318-B3A07C519D7D} = {0EC62A1A-9858-3A60-8A0C-FC9AACFA2EC7}
		{8612CCD4-469F-4160-986A-EC943613AE2F} = {0AB3BF05-4346-4AA6-1389-037BE0695223}
		{7D5BE834-946A-4317-BB73-E5C722646B8C} = {C8E42992-5E42-0C2B-DBFE-AA848D06431C}
		{0F1D59D1-ADDA-4166-9331-5DE936CDE9F3} = {C8E42992-5E42-0C2B-DBFE-AA848D06431C}
		{E5BAFF16-3E19-4BB9-A715-BABA30E3FBFE} = {2CEF717D-DC67-452B-BED1-FFA59F0A7256}
		{80E19211-D5FE-4C09-A7D0-93F6DFE9A7A2} = {2CEF717D-DC67-452B-BED1-FFA59F0A7256}
		{D5639FAE-E1E5-4244-A1F3-2827E814C9B6} = {2CEF717D-DC67-452B-BED1-FFA59F0A7256}
		{E6020B24-DE8A-49F8-8BD9-1DA63E7B3F33} = {0AB3BF05-4346-4AA6-1389-037BE0695223}
		{18E3D860-351D-42DD-8CDB-87D573D36884} = {0AB3BF05-4346-4AA6-1389-037BE0695223}
	EndGlobalSection
EndGlobal
