
Microsoft Visual Studio Solution File, Format Version 12.00
# Visual Studio Version 17
VisualStudioVersion = 17.0.31903.59
MinimumVisualStudioVersion = 10.0.40219.1
Project("{2150E333-8FDC-42A3-9474-1A3956D46DE8}") = "src", "src", "{827E0CD3-B72D-47B6-A68D-7590B98EB39B}"
EndProject
Project("{FAE04EC0-301F-11D3-BF4B-00C04F79EFBC}") = "ModularMonolith.Api", "src\ModularMonolith.Api\ModularMonolith.Api.csproj", "{A1D3AAEE-BB7E-4C30-8CB6-24D7551B2B29}"
EndProject
Project("{2150E333-8FDC-42A3-9474-1A3956D46DE8}") = "Shared", "Shared", "{C8E42992-5E42-0C2B-DBFE-AA848D06431C}"
EndProject
Project("{FAE04EC0-301F-11D3-BF4B-00C04F79EFBC}") = "SharedKernel", "src\Shared\SharedKernel\SharedKernel.csproj", "{98FD2918-D62F-45DF-AEEC-90F6CB893F85}"
EndProject
Project("{2150E333-8FDC-42A3-9474-1A3956D46DE8}") = "Modules", "Modules", "{EC447DCF-ABFA-6E24-52A5-D7FD48A5C558}"
EndProject
Project("{2150E333-8FDC-42A3-9474-1A3956D46DE8}") = "Music", "Music", "{A927446D-5791-A111-CDFD-A0D3CDC4AF99}"
EndProject
Project("{FAE04EC0-301F-11D3-BF4B-00C04F79EFBC}") = "Music.Module", "src\Modules\Music\Music.Module\Music.Module.csproj", "{53F34290-03E9-4A90-9DE0-CF1D462815B7}"
EndProject
Project("{2150E333-8FDC-42A3-9474-1A3956D46DE8}") = "Orders", "Orders", "{CFD98C11-0354-2BE4-4011-BD6AEF12219D}"
EndProject
Project("{FAE04EC0-301F-11D3-BF4B-00C04F79EFBC}") = "Orders.Module", "src\Modules\Orders\Orders.Module\Orders.Module.csproj", "{9D405EAE-63B9-466D-8059-6CC6DB3095A0}"
EndProject
Project("{2150E333-8FDC-42A3-9474-1A3956D46DE8}") = "Administration", "Administration", "{CBFC7D09-D20A-3BD9-57E9-57A87E6AFCC2}"
EndProject
Project("{FAE04EC0-301F-11D3-BF4B-00C04F79EFBC}") = "Admin.Module", "src\Modules\Administration\Admin.Module\Admin.Module.csproj", "{AAA4E803-D9C3-4838-88FF-DDE1952C30AF}"
EndProject
Project("{2150E333-8FDC-42A3-9474-1A3956D46DE8}") = "Reporting", "Reporting", "{738763F7-68AC-12DE-A386-1ED9BDE12CF2}"
EndProject
Project("{FAE04EC0-301F-11D3-BF4B-00C04F79EFBC}") = "Reporting.Module", "src\Modules\Reporting\Reporting.Module\Reporting.Module.csproj", "{657D1DDD-F248-48D7-A15B-D52534C96F2B}"
EndProject
Project("{2150E333-8FDC-42A3-9474-1A3956D46DE8}") = "Identity", "Identity", "{0EC62A1A-9858-3A60-8A0C-FC9AACFA2EC7}"
EndProject
Project("{FAE04EC0-301F-11D3-BF4B-00C04F79EFBC}") = "Identity.Module", "src\Modules\Identity\Identity.Module\Identity.Module.csproj", "{AC54AFFF-7A12-4F4D-A318-B3A07C519D7D}"
EndProject
Project("{2150E333-8FDC-42A3-9474-1A3956D46DE8}") = "tests", "tests", "{0AB3BF05-4346-4AA6-1389-037BE0695223}"
EndProject
Project("{FAE04EC0-301F-11D3-BF4B-00C04F79EFBC}") = "ModularMonolith.Api.Tests", "tests\ModularMonolith.Api.Tests\ModularMonolith.Api.Tests.csproj", "{8612CCD4-469F-4160-986A-EC943613AE2F}"
EndProject
Project("{FAE04EC0-301F-11D3-BF4B-00C04F79EFBC}") = "SharedKernel.Persistence", "src\Shared\SharedKernel.Persistence\SharedKernel.Persistence.csproj", "{7D5BE834-946A-4317-BB73-E5C722646B8C}"
EndProject
Project("{2150E333-8FDC-42A3-9474-1A3956D46DE8}") = "docs", "docs", "{F8C887DB-8A89-43B4-B7F6-2973FE96C62F}"
	ProjectSection(SolutionItems) = preProject
		docs\EFCore-Plan.md = docs\EFCore-Plan.md
		README.md = README.md
		docs\authn-authz-plan.md = docs\authn-authz-plan.md
		docs\caching-strategy.md = docs\caching-strategy.md
		docs\secure-headers-plan.md = docs\secure-headers-plan.md
		docs\https-enforcement-plan.md = docs\https-enforcement-plan.md
		docs\rate-limiting-plan.md = docs\rate-limiting-plan.md
		docs\owasp-top-threats-and-mitigations.md = docs\owasp-top-threats-and-mitigations.md
		docs\Walkthrough.md = docs\Walkthrough.md
	EndProjectSection
EndProject
Project("{2150E333-8FDC-42A3-9474-1A3956D46DE8}") = "data", "data", "{C82539F3-3484-4BB1-80DA-906793C55F4C}"
	ProjectSection(SolutionItems) = preProject
		data\chinook.db = data\chinook.db
	EndProjectSection
EndProject
Project("{FAE04EC0-301F-11D3-BF4B-00C04F79EFBC}") = "Identity.Domain", "src\Modules\Identity\Identity.Domain\Identity.Domain.csproj", "{A3B2B627-AF2E-4598-AA28-DA16B9E6EDBC}"
EndProject
Project("{FAE04EC0-301F-11D3-BF4B-00C04F79EFBC}") = "Music.Domain", "src\Modules\Music\Music.Domain\Music.Domain.csproj", "{1356298A-6F1D-4FD0-9C8A-ACBB18A175CA}"
EndProject
Project("{FAE04EC0-301F-11D3-BF4B-00C04F79EFBC}") = "Orders.Domain", "src\Modules\Orders\Orders.Domain\Orders.Domain.csproj", "{CAF55CC9-DB51-487C-8C02-97A698D3130F}"
EndProject
Project("{FAE04EC0-301F-11D3-BF4B-00C04F79EFBC}") = "Reporting.Domain", "src\Modules\Reporting\Reporting.Domain\Reporting.Domain.csproj", "{56569ABA-9862-4679-9B8B-AE01FE833F50}"
EndProject
Global
	GlobalSection(SolutionConfigurationPlatforms) = preSolution
		Debug|Any CPU = Debug|Any CPU
		Debug|x64 = Debug|x64
		Debug|x86 = Debug|x86
		Release|Any CPU = Release|Any CPU
		Release|x64 = Release|x64
		Release|x86 = Release|x86
	EndGlobalSection
	GlobalSection(ProjectConfigurationPlatforms) = postSolution
		{A1D3AAEE-BB7E-4C30-8CB6-24D7551B2B29}.Debug|Any CPU.ActiveCfg = Debug|Any CPU
		{A1D3AAEE-BB7E-4C30-8CB6-24D7551B2B29}.Debug|Any CPU.Build.0 = Debug|Any CPU
		{A1D3AAEE-BB7E-4C30-8CB6-24D7551B2B29}.Debug|x64.ActiveCfg = Debug|Any CPU
		{A1D3AAEE-BB7E-4C30-8CB6-24D7551B2B29}.Debug|x64.Build.0 = Debug|Any CPU
		{A1D3AAEE-BB7E-4C30-8CB6-24D7551B2B29}.Debug|x86.ActiveCfg = Debug|Any CPU
		{A1D3AAEE-BB7E-4C30-8CB6-24D7551B2B29}.Debug|x86.Build.0 = Debug|Any CPU
		{A1D3AAEE-BB7E-4C30-8CB6-24D7551B2B29}.Release|Any CPU.ActiveCfg = Release|Any CPU
		{A1D3AAEE-BB7E-4C30-8CB6-24D7551B2B29}.Release|Any CPU.Build.0 = Release|Any CPU
		{A1D3AAEE-BB7E-4C30-8CB6-24D7551B2B29}.Release|x64.ActiveCfg = Release|Any CPU
		{A1D3AAEE-BB7E-4C30-8CB6-24D7551B2B29}.Release|x64.Build.0 = Release|Any CPU
		{A1D3AAEE-BB7E-4C30-8CB6-24D7551B2B29}.Release|x86.ActiveCfg = Release|Any CPU
		{A1D3AAEE-BB7E-4C30-8CB6-24D7551B2B29}.Release|x86.Build.0 = Release|Any CPU
		{98FD2918-D62F-45DF-AEEC-90F6CB893F85}.Debug|Any CPU.ActiveCfg = Debug|Any CPU
		{98FD2918-D62F-45DF-AEEC-90F6CB893F85}.Debug|Any CPU.Build.0 = Debug|Any CPU
		{98FD2918-D62F-45DF-AEEC-90F6CB893F85}.Debug|x64.ActiveCfg = Debug|Any CPU
		{98FD2918-D62F-45DF-AEEC-90F6CB893F85}.Debug|x64.Build.0 = Debug|Any CPU
		{98FD2918-D62F-45DF-AEEC-90F6CB893F85}.Debug|x86.ActiveCfg = Debug|Any CPU
		{98FD2918-D62F-45DF-AEEC-90F6CB893F85}.Debug|x86.Build.0 = Debug|Any CPU
		{98FD2918-D62F-45DF-AEEC-90F6CB893F85}.Release|Any CPU.ActiveCfg = Release|Any CPU
		{98FD2918-D62F-45DF-AEEC-90F6CB893F85}.Release|Any CPU.Build.0 = Release|Any CPU
		{98FD2918-D62F-45DF-AEEC-90F6CB893F85}.Release|x64.ActiveCfg = Release|Any CPU
		{98FD2918-D62F-45DF-AEEC-90F6CB893F85}.Release|x64.Build.0 = Release|Any CPU
		{98FD2918-D62F-45DF-AEEC-90F6CB893F85}.Release|x86.ActiveCfg = Release|Any CPU
		{98FD2918-D62F-45DF-AEEC-90F6CB893F85}.Release|x86.Build.0 = Release|Any CPU
		{53F34290-03E9-4A90-9DE0-CF1D462815B7}.Debug|Any CPU.ActiveCfg = Debug|Any CPU
		{53F34290-03E9-4A90-9DE0-CF1D462815B7}.Debug|Any CPU.Build.0 = Debug|Any CPU
		{53F34290-03E9-4A90-9DE0-CF1D462815B7}.Debug|x64.ActiveCfg = Debug|Any CPU
		{53F34290-03E9-4A90-9DE0-CF1D462815B7}.Debug|x64.Build.0 = Debug|Any CPU
		{53F34290-03E9-4A90-9DE0-CF1D462815B7}.Debug|x86.ActiveCfg = Debug|Any CPU
		{53F34290-03E9-4A90-9DE0-CF1D462815B7}.Debug|x86.Build.0 = Debug|Any CPU
		{53F34290-03E9-4A90-9DE0-CF1D462815B7}.Release|Any CPU.ActiveCfg = Release|Any CPU
		{53F34290-03E9-4A90-9DE0-CF1D462815B7}.Release|Any CPU.Build.0 = Release|Any CPU
		{53F34290-03E9-4A90-9DE0-CF1D462815B7}.Release|x64.ActiveCfg = Release|Any CPU
		{53F34290-03E9-4A90-9DE0-CF1D462815B7}.Release|x64.Build.0 = Release|Any CPU
		{53F34290-03E9-4A90-9DE0-CF1D462815B7}.Release|x86.ActiveCfg = Release|Any CPU
		{53F34290-03E9-4A90-9DE0-CF1D462815B7}.Release|x86.Build.0 = Release|Any CPU
		{9D405EAE-63B9-466D-8059-6CC6DB3095A0}.Debug|Any CPU.ActiveCfg = Debug|Any CPU
		{9D405EAE-63B9-466D-8059-6CC6DB3095A0}.Debug|Any CPU.Build.0 = Debug|Any CPU
		{9D405EAE-63B9-466D-8059-6CC6DB3095A0}.Debug|x64.ActiveCfg = Debug|Any CPU
		{9D405EAE-63B9-466D-8059-6CC6DB3095A0}.Debug|x64.Build.0 = Debug|Any CPU
		{9D405EAE-63B9-466D-8059-6CC6DB3095A0}.Debug|x86.ActiveCfg = Debug|Any CPU
		{9D405EAE-63B9-466D-8059-6CC6DB3095A0}.Debug|x86.Build.0 = Debug|Any CPU
		{9D405EAE-63B9-466D-8059-6CC6DB3095A0}.Release|Any CPU.ActiveCfg = Release|Any CPU
		{9D405EAE-63B9-466D-8059-6CC6DB3095A0}.Release|Any CPU.Build.0 = Release|Any CPU
		{9D405EAE-63B9-466D-8059-6CC6DB3095A0}.Release|x64.ActiveCfg = Release|Any CPU
		{9D405EAE-63B9-466D-8059-6CC6DB3095A0}.Release|x64.Build.0 = Release|Any CPU
		{9D405EAE-63B9-466D-8059-6CC6DB3095A0}.Release|x86.ActiveCfg = Release|Any CPU
		{9D405EAE-63B9-466D-8059-6CC6DB3095A0}.Release|x86.Build.0 = Release|Any CPU
		{AAA4E803-D9C3-4838-88FF-DDE1952C30AF}.Debug|Any CPU.ActiveCfg = Debug|Any CPU
		{AAA4E803-D9C3-4838-88FF-DDE1952C30AF}.Debug|Any CPU.Build.0 = Debug|Any CPU
		{AAA4E803-D9C3-4838-88FF-DDE1952C30AF}.Debug|x64.ActiveCfg = Debug|Any CPU
		{AAA4E803-D9C3-4838-88FF-DDE1952C30AF}.Debug|x64.Build.0 = Debug|Any CPU
		{AAA4E803-D9C3-4838-88FF-DDE1952C30AF}.Debug|x86.ActiveCfg = Debug|Any CPU
		{AAA4E803-D9C3-4838-88FF-DDE1952C30AF}.Debug|x86.Build.0 = Debug|Any CPU
		{AAA4E803-D9C3-4838-88FF-DDE1952C30AF}.Release|Any CPU.ActiveCfg = Release|Any CPU
		{AAA4E803-D9C3-4838-88FF-DDE1952C30AF}.Release|Any CPU.Build.0 = Release|Any CPU
		{AAA4E803-D9C3-4838-88FF-DDE1952C30AF}.Release|x64.ActiveCfg = Release|Any CPU
		{AAA4E803-D9C3-4838-88FF-DDE1952C30AF}.Release|x64.Build.0 = Release|Any CPU
		{AAA4E803-D9C3-4838-88FF-DDE1952C30AF}.Release|x86.ActiveCfg = Release|Any CPU
		{AAA4E803-D9C3-4838-88FF-DDE1952C30AF}.Release|x86.Build.0 = Release|Any CPU
		{657D1DDD-F248-48D7-A15B-D52534C96F2B}.Debug|Any CPU.ActiveCfg = Debug|Any CPU
		{657D1DDD-F248-48D7-A15B-D52534C96F2B}.Debug|Any CPU.Build.0 = Debug|Any CPU
		{657D1DDD-F248-48D7-A15B-D52534C96F2B}.Debug|x64.ActiveCfg = Debug|Any CPU
		{657D1DDD-F248-48D7-A15B-D52534C96F2B}.Debug|x64.Build.0 = Debug|Any CPU
		{657D1DDD-F248-48D7-A15B-D52534C96F2B}.Debug|x86.ActiveCfg = Debug|Any CPU
		{657D1DDD-F248-48D7-A15B-D52534C96F2B}.Debug|x86.Build.0 = Debug|Any CPU
		{657D1DDD-F248-48D7-A15B-D52534C96F2B}.Release|Any CPU.ActiveCfg = Release|Any CPU
		{657D1DDD-F248-48D7-A15B-D52534C96F2B}.Release|Any CPU.Build.0 = Release|Any CPU
		{657D1DDD-F248-48D7-A15B-D52534C96F2B}.Release|x64.ActiveCfg = Release|Any CPU
		{657D1DDD-F248-48D7-A15B-D52534C96F2B}.Release|x64.Build.0 = Release|Any CPU
		{657D1DDD-F248-48D7-A15B-D52534C96F2B}.Release|x86.ActiveCfg = Release|Any CPU
		{657D1DDD-F248-48D7-A15B-D52534C96F2B}.Release|x86.Build.0 = Release|Any CPU
		{AC54AFFF-7A12-4F4D-A318-B3A07C519D7D}.Debug|Any CPU.ActiveCfg = Debug|Any CPU
		{AC54AFFF-7A12-4F4D-A318-B3A07C519D7D}.Debug|Any CPU.Build.0 = Debug|Any CPU
		{AC54AFFF-7A12-4F4D-A318-B3A07C519D7D}.Debug|x64.ActiveCfg = Debug|Any CPU
		{AC54AFFF-7A12-4F4D-A318-B3A07C519D7D}.Debug|x64.Build.0 = Debug|Any CPU
		{AC54AFFF-7A12-4F4D-A318-B3A07C519D7D}.Debug|x86.ActiveCfg = Debug|Any CPU
		{AC54AFFF-7A12-4F4D-A318-B3A07C519D7D}.Debug|x86.Build.0 = Debug|Any CPU
		{AC54AFFF-7A12-4F4D-A318-B3A07C519D7D}.Release|Any CPU.ActiveCfg = Release|Any CPU
		{AC54AFFF-7A12-4F4D-A318-B3A07C519D7D}.Release|Any CPU.Build.0 = Release|Any CPU
		{AC54AFFF-7A12-4F4D-A318-B3A07C519D7D}.Release|x64.ActiveCfg = Release|Any CPU
		{AC54AFFF-7A12-4F4D-A318-B3A07C519D7D}.Release|x64.Build.0 = Release|Any CPU
		{AC54AFFF-7A12-4F4D-A318-B3A07C519D7D}.Release|x86.ActiveCfg = Release|Any CPU
		{AC54AFFF-7A12-4F4D-A318-B3A07C519D7D}.Release|x86.Build.0 = Release|Any CPU
		{8612CCD4-469F-4160-986A-EC943613AE2F}.Debug|Any CPU.ActiveCfg = Debug|Any CPU
		{8612CCD4-469F-4160-986A-EC943613AE2F}.Debug|Any CPU.Build.0 = Debug|Any CPU
		{8612CCD4-469F-4160-986A-EC943613AE2F}.Debug|x64.ActiveCfg = Debug|Any CPU
		{8612CCD4-469F-4160-986A-EC943613AE2F}.Debug|x64.Build.0 = Debug|Any CPU
		{8612CCD4-469F-4160-986A-EC943613AE2F}.Debug|x86.ActiveCfg = Debug|Any CPU
		{8612CCD4-469F-4160-986A-EC943613AE2F}.Debug|x86.Build.0 = Debug|Any CPU
		{8612CCD4-469F-4160-986A-EC943613AE2F}.Release|Any CPU.ActiveCfg = Release|Any CPU
		{8612CCD4-469F-4160-986A-EC943613AE2F}.Release|Any CPU.Build.0 = Release|Any CPU
		{8612CCD4-469F-4160-986A-EC943613AE2F}.Release|x64.ActiveCfg = Release|Any CPU
		{8612CCD4-469F-4160-986A-EC943613AE2F}.Release|x64.Build.0 = Release|Any CPU
		{8612CCD4-469F-4160-986A-EC943613AE2F}.Release|x86.ActiveCfg = Release|Any CPU
		{8612CCD4-469F-4160-986A-EC943613AE2F}.Release|x86.Build.0 = Release|Any CPU
		{7D5BE834-946A-4317-BB73-E5C722646B8C}.Debug|Any CPU.ActiveCfg = Debug|Any CPU
		{7D5BE834-946A-4317-BB73-E5C722646B8C}.Debug|Any CPU.Build.0 = Debug|Any CPU
		{7D5BE834-946A-4317-BB73-E5C722646B8C}.Debug|x64.ActiveCfg = Debug|Any CPU
		{7D5BE834-946A-4317-BB73-E5C722646B8C}.Debug|x64.Build.0 = Debug|Any CPU
		{7D5BE834-946A-4317-BB73-E5C722646B8C}.Debug|x86.ActiveCfg = Debug|Any CPU
		{7D5BE834-946A-4317-BB73-E5C722646B8C}.Debug|x86.Build.0 = Debug|Any CPU
		{7D5BE834-946A-4317-BB73-E5C722646B8C}.Release|Any CPU.ActiveCfg = Release|Any CPU
		{7D5BE834-946A-4317-BB73-E5C722646B8C}.Release|Any CPU.Build.0 = Release|Any CPU
		{7D5BE834-946A-4317-BB73-E5C722646B8C}.Release|x64.ActiveCfg = Release|Any CPU
		{7D5BE834-946A-4317-BB73-E5C722646B8C}.Release|x64.Build.0 = Release|Any CPU
		{7D5BE834-946A-4317-BB73-E5C722646B8C}.Release|x86.ActiveCfg = Release|Any CPU
		{7D5BE834-946A-4317-BB73-E5C722646B8C}.Release|x86.Build.0 = Release|Any CPU
		{A3B2B627-AF2E-4598-AA28-DA16B9E6EDBC}.Debug|Any CPU.ActiveCfg = Debug|Any CPU
		{A3B2B627-AF2E-4598-AA28-DA16B9E6EDBC}.Debug|Any CPU.Build.0 = Debug|Any CPU
		{A3B2B627-AF2E-4598-AA28-DA16B9E6EDBC}.Debug|x64.ActiveCfg = Debug|Any CPU
		{A3B2B627-AF2E-4598-AA28-DA16B9E6EDBC}.Debug|x64.Build.0 = Debug|Any CPU
		{A3B2B627-AF2E-4598-AA28-DA16B9E6EDBC}.Debug|x86.ActiveCfg = Debug|Any CPU
		{A3B2B627-AF2E-4598-AA28-DA16B9E6EDBC}.Debug|x86.Build.0 = Debug|Any CPU
		{A3B2B627-AF2E-4598-AA28-DA16B9E6EDBC}.Release|Any CPU.ActiveCfg = Release|Any CPU
		{A3B2B627-AF2E-4598-AA28-DA16B9E6EDBC}.Release|Any CPU.Build.0 = Release|Any CPU
		{A3B2B627-AF2E-4598-AA28-DA16B9E6EDBC}.Release|x64.ActiveCfg = Release|Any CPU
		{A3B2B627-AF2E-4598-AA28-DA16B9E6EDBC}.Release|x64.Build.0 = Release|Any CPU
		{A3B2B627-AF2E-4598-AA28-DA16B9E6EDBC}.Release|x86.ActiveCfg = Release|Any CPU
		{A3B2B627-AF2E-4598-AA28-DA16B9E6EDBC}.Release|x86.Build.0 = Release|Any CPU
		{1356298A-6F1D-4FD0-9C8A-ACBB18A175CA}.Debug|Any CPU.ActiveCfg = Debug|Any CPU
		{1356298A-6F1D-4FD0-9C8A-ACBB18A175CA}.Debug|Any CPU.Build.0 = Debug|Any CPU
		{1356298A-6F1D-4FD0-9C8A-ACBB18A175CA}.Debug|x64.ActiveCfg = Debug|Any CPU
		{1356298A-6F1D-4FD0-9C8A-ACBB18A175CA}.Debug|x64.Build.0 = Debug|Any CPU
		{1356298A-6F1D-4FD0-9C8A-ACBB18A175CA}.Debug|x86.ActiveCfg = Debug|Any CPU
		{1356298A-6F1D-4FD0-9C8A-ACBB18A175CA}.Debug|x86.Build.0 = Debug|Any CPU
		{1356298A-6F1D-4FD0-9C8A-ACBB18A175CA}.Release|Any CPU.ActiveCfg = Release|Any CPU
		{1356298A-6F1D-4FD0-9C8A-ACBB18A175CA}.Release|Any CPU.Build.0 = Release|Any CPU
		{1356298A-6F1D-4FD0-9C8A-ACBB18A175CA}.Release|x64.ActiveCfg = Release|Any CPU
		{1356298A-6F1D-4FD0-9C8A-ACBB18A175CA}.Release|x64.Build.0 = Release|Any CPU
		{1356298A-6F1D-4FD0-9C8A-ACBB18A175CA}.Release|x86.ActiveCfg = Release|Any CPU
		{1356298A-6F1D-4FD0-9C8A-ACBB18A175CA}.Release|x86.Build.0 = Release|Any CPU
		{CAF55CC9-DB51-487C-8C02-97A698D3130F}.Debug|Any CPU.ActiveCfg = Debug|Any CPU
		{CAF55CC9-DB51-487C-8C02-97A698D3130F}.Debug|Any CPU.Build.0 = Debug|Any CPU
		{CAF55CC9-DB51-487C-8C02-97A698D3130F}.Debug|x64.ActiveCfg = Debug|Any CPU
		{CAF55CC9-DB51-487C-8C02-97A698D3130F}.Debug|x64.Build.0 = Debug|Any CPU
		{CAF55CC9-DB51-487C-8C02-97A698D3130F}.Debug|x86.ActiveCfg = Debug|Any CPU
		{CAF55CC9-DB51-487C-8C02-97A698D3130F}.Debug|x86.Build.0 = Debug|Any CPU
		{CAF55CC9-DB51-487C-8C02-97A698D3130F}.Release|Any CPU.ActiveCfg = Release|Any CPU
		{CAF55CC9-DB51-487C-8C02-97A698D3130F}.Release|Any CPU.Build.0 = Release|Any CPU
		{CAF55CC9-DB51-487C-8C02-97A698D3130F}.Release|x64.ActiveCfg = Release|Any CPU
		{CAF55CC9-DB51-487C-8C02-97A698D3130F}.Release|x64.Build.0 = Release|Any CPU
		{CAF55CC9-DB51-487C-8C02-97A698D3130F}.Release|x86.ActiveCfg = Release|Any CPU
		{CAF55CC9-DB51-487C-8C02-97A698D3130F}.Release|x86.Build.0 = Release|Any CPU
		{56569ABA-9862-4679-9B8B-AE01FE833F50}.Debug|Any CPU.ActiveCfg = Debug|Any CPU
		{56569ABA-9862-4679-9B8B-AE01FE833F50}.Debug|Any CPU.Build.0 = Debug|Any CPU
		{56569ABA-9862-4679-9B8B-AE01FE833F50}.Debug|x64.ActiveCfg = Debug|Any CPU
		{56569ABA-9862-4679-9B8B-AE01FE833F50}.Debug|x64.Build.0 = Debug|Any CPU
		{56569ABA-9862-4679-9B8B-AE01FE833F50}.Debug|x86.ActiveCfg = Debug|Any CPU
		{56569ABA-9862-4679-9B8B-AE01FE833F50}.Debug|x86.Build.0 = Debug|Any CPU
		{56569ABA-9862-4679-9B8B-AE01FE833F50}.Release|Any CPU.ActiveCfg = Release|Any CPU
		{56569ABA-9862-4679-9B8B-AE01FE833F50}.Release|Any CPU.Build.0 = Release|Any CPU
		{56569ABA-9862-4679-9B8B-AE01FE833F50}.Release|x64.ActiveCfg = Release|Any CPU
		{56569ABA-9862-4679-9B8B-AE01FE833F50}.Release|x64.Build.0 = Release|Any CPU
		{56569ABA-9862-4679-9B8B-AE01FE833F50}.Release|x86.ActiveCfg = Release|Any CPU
		{56569ABA-9862-4679-9B8B-AE01FE833F50}.Release|x86.Build.0 = Release|Any CPU
	EndGlobalSection
	GlobalSection(SolutionProperties) = preSolution
		HideSolutionNode = FALSE
	EndGlobalSection
	GlobalSection(NestedProjects) = preSolution
		{A1D3AAEE-BB7E-4C30-8CB6-24D7551B2B29} = {827E0CD3-B72D-47B6-A68D-7590B98EB39B}
		{C8E42992-5E42-0C2B-DBFE-AA848D06431C} = {827E0CD3-B72D-47B6-A68D-7590B98EB39B}
		{98FD2918-D62F-45DF-AEEC-90F6CB893F85} = {C8E42992-5E42-0C2B-DBFE-AA848D06431C}
		{EC447DCF-ABFA-6E24-52A5-D7FD48A5C558} = {827E0CD3-B72D-47B6-A68D-7590B98EB39B}
		{A927446D-5791-A111-CDFD-A0D3CDC4AF99} = {EC447DCF-ABFA-6E24-52A5-D7FD48A5C558}
		{53F34290-03E9-4A90-9DE0-CF1D462815B7} = {A927446D-5791-A111-CDFD-A0D3CDC4AF99}
		{CFD98C11-0354-2BE4-4011-BD6AEF12219D} = {EC447DCF-ABFA-6E24-52A5-D7FD48A5C558}
		{9D405EAE-63B9-466D-8059-6CC6DB3095A0} = {CFD98C11-0354-2BE4-4011-BD6AEF12219D}
		{CBFC7D09-D20A-3BD9-57E9-57A87E6AFCC2} = {EC447DCF-ABFA-6E24-52A5-D7FD48A5C558}
		{AAA4E803-D9C3-4838-88FF-DDE1952C30AF} = {CBFC7D09-D20A-3BD9-57E9-57A87E6AFCC2}
		{738763F7-68AC-12DE-A386-1ED9BDE12CF2} = {EC447DCF-ABFA-6E24-52A5-D7FD48A5C558}
		{657D1DDD-F248-48D7-A15B-D52534C96F2B} = {738763F7-68AC-12DE-A386-1ED9BDE12CF2}
		{0EC62A1A-9858-3A60-8A0C-FC9AACFA2EC7} = {EC447DCF-ABFA-6E24-52A5-D7FD48A5C558}
		{AC54AFFF-7A12-4F4D-A318-B3A07C519D7D} = {0EC62A1A-9858-3A60-8A0C-FC9AACFA2EC7}
		{8612CCD4-469F-4160-986A-EC943613AE2F} = {0AB3BF05-4346-4AA6-1389-037BE0695223}
		{7D5BE834-946A-4317-BB73-E5C722646B8C} = {C8E42992-5E42-0C2B-DBFE-AA848D06431C}
		{A3B2B627-AF2E-4598-AA28-DA16B9E6EDBC} = {0EC62A1A-9858-3A60-8A0C-FC9AACFA2EC7}
		{1356298A-6F1D-4FD0-9C8A-ACBB18A175CA} = {A927446D-5791-A111-CDFD-A0D3CDC4AF99}
		{CAF55CC9-DB51-487C-8C02-97A698D3130F} = {CFD98C11-0354-2BE4-4011-BD6AEF12219D}
		{56569ABA-9862-4679-9B8B-AE01FE833F50} = {738763F7-68AC-12DE-A386-1ED9BDE12CF2}
	EndGlobalSection
EndGlobal
